
Microsoft Visual Studio Solution File, Format Version 12.00
# Visual Studio Version 17
VisualStudioVersion = 17.3.32819.101
MinimumVisualStudioVersion = 10.0.40219.1
Project("{FAE04EC0-301F-11D3-BF4B-00C04F79EFBC}") = "DoAnCoSo", "DoAnCoSo\DoAnCoSo.csproj", "{4E96AD0C-6B45-461A-AEF1-8F119F0C5F00}"
EndProject
Global
	GlobalSection(SolutionConfigurationPlatforms) = preSolution
		Debug|Any CPU = Debug|Any CPU
		Release|Any CPU = Release|Any CPU
	EndGlobalSection
	GlobalSection(ProjectConfigurationPlatforms) = postSolution
		{4E96AD0C-6B45-461A-AEF1-8F119F0C5F00}.Debug|Any CPU.ActiveCfg = Debug|Any CPU
		{4E96AD0C-6B45-461A-AEF1-8F119F0C5F00}.Debug|Any CPU.Build.0 = Debug|Any CPU
		{4E96AD0C-6B45-461A-AEF1-8F119F0C5F00}.Release|Any CPU.ActiveCfg = Release|Any CPU
		{4E96AD0C-6B45-461A-AEF1-8F119F0C5F00}.Release|Any CPU.Build.0 = Release|Any CPU
	EndGlobalSection
	GlobalSection(SolutionProperties) = preSolution
		HideSolutionNode = FALSE
	EndGlobalSection
	GlobalSection(ExtensibilityGlobals) = postSolution
		SolutionGuid = {8CBA9193-B015-4178-A2A1-0F5B766AD0F9}
	EndGlobalSection
EndGlobal
